github.com/google/uuid v1.6.0 h1:NIvaJDMOsjHA8n1jAhLSgzrAzy1Hgr+hNrb57e+94F0=
github.com/google/uuid v1.6.0/go.mod h1:TIyPZe4MgqvfeYDBFedMoGGpEw/LqOeaOT+nhxU+yHo=
golang.org/x/exp/shiny v0.0.0-20230817173708-d852ddb80c63 h1:3AGKexOYqL+ztdWdkB1bDwXgPBuTS/S8A4WzuTvJ8Cg=
golang.org/x/exp/shiny v0.0.0-20230817173708-d852ddb80c63/go.mod h1:UH99kUObWAZkDnWqppdQe5ZhPYESUw8I0zVV1uWBR+0=
golang.org/x/image v0.21.0 h1:c5qV36ajHpdj4Qi0GnE0jUc/yuo33OLFaa0d+crTD5s=
golang.org/x/image v0.21.0/go.mod h1:vUbsLavqK/W303ZroQQVKQ+Af3Yl6Uz1Ppu5J/cLz78=
golang.org/x/mobile v0.0.0-20241016134751-7ff83004ec2c h1:zuNS/LWsEpPTLfrmBkis6Xofw3nieAqB4hYLn8+uswk=
golang.org/x/mobile v0.0.0-20241016134751-7ff83004ec2c/go.mod h1:snk1Mn2ZpdKCt90JPEsDh4sL3ReK520U2t0d7RHBnSU=
golang.org/x/sys v0.26.0 h1:KHjCJyddX0LoSTb3J+vWpupP9p0oznkqVk/IfjymZbo=
golang.org/x/sys v0.26.0/go.mod h1:/VUhepiaJMQUp4+oa/7Zr1D23ma6VTLIYjOOTFZPUcA=
